# This file is automatically @generated by Poetry 1.8.3 and should not be changed by hand.

[[package]]
name = "frozendict"
version = "2.4.4"
description = "A simple immutable dictionary"
optional = false
python-versions = ">=3.6"
files = [
    {file = "frozendict-2.4.4-cp310-cp310-macosx_11_0_arm64.whl", hash = "sha256:4a59578d47b3949437519b5c39a016a6116b9e787bb19289e333faae81462e59"},
    {file = "frozendict-2.4.4-cp310-cp310-manylinux_2_17_aarch64.manylinux2014_aarch64.whl", hash = "sha256:12a342e439aef28ccec533f0253ea53d75fe9102bd6ea928ff530e76eac38906"},
    {file = "frozendict-2.4.4-cp310-cp310-manylinux_2_17_x86_64.manylinux2014_x86_64.whl", hash = "sha256:7f79c26dff10ce11dad3b3627c89bb2e87b9dd5958c2b24325f16a23019b8b94"},
    {file = "frozendict-2.4.4-cp310-cp310-musllinux_1_1_aarch64.whl", hash = "sha256:2bd009cf4fc47972838a91e9b83654dc9a095dc4f2bb3a37c3f3124c8a364543"},
    {file = "frozendict-2.4.4-cp310-cp310-musllinux_1_1_x86_64.whl", hash = "sha256:87ebcde21565a14fe039672c25550060d6f6d88cf1f339beac094c3b10004eb0"},
    {file = "frozendict-2.4.4-cp310-cp310-win_amd64.whl", hash = "sha256:fefeb700bc7eb8b4c2dc48704e4221860d254c8989fb53488540bc44e44a1ac2"},
    {file = "frozendict-2.4.4-cp310-cp310-win_arm64.whl", hash = "sha256:4297d694eb600efa429769125a6f910ec02b85606f22f178bafbee309e7d3ec7"},
    {file = "frozendict-2.4.4-cp36-cp36m-manylinux_2_17_aarch64.manylinux2014_aarch64.whl", hash = "sha256:812ab17522ba13637826e65454115a914c2da538356e85f43ecea069813e4b33"},
    {file = "frozendict-2.4.4-cp36-cp36m-manylinux_2_17_x86_64.manylinux2014_x86_64.whl", hash = "sha256:7fee9420475bb6ff357000092aa9990c2f6182b2bab15764330f4ad7de2eae49"},
    {file = "frozendict-2.4.4-cp36-cp36m-musllinux_1_1_aarch64.whl", hash = "sha256:3148062675536724502c6344d7c485dd4667fdf7980ca9bd05e338ccc0c4471e"},
    {file = "frozendict-2.4.4-cp36-cp36m-musllinux_1_1_x86_64.whl", hash = "sha256:78c94991944dd33c5376f720228e5b252ee67faf3bac50ef381adc9e51e90d9d"},
    {file = "frozendict-2.4.4-cp36-cp36m-win_amd64.whl", hash = "sha256:1697793b5f62b416c0fc1d94638ec91ed3aa4ab277f6affa3a95216ecb3af170"},
    {file = "frozendict-2.4.4-cp37-cp37m-manylinux_2_17_aarch64.manylinux2014_aarch64.whl", hash = "sha256:199a4d32194f3afed6258de7e317054155bc9519252b568d9cfffde7e4d834e5"},
    {file = "frozendict-2.4.4-cp37-cp37m-manylinux_2_17_x86_64.manylinux2014_x86_64.whl", hash = "sha256:85375ec6e979e6373bffb4f54576a68bf7497c350861d20686ccae38aab69c0a"},
    {file = "frozendict-2.4.4-cp37-cp37m-musllinux_1_1_aarch64.whl", hash = "sha256:2d8536e068d6bf281f23fa835ac07747fb0f8851879dd189e9709f9567408b4d"},
    {file = "frozendict-2.4.4-cp37-cp37m-musllinux_1_1_x86_64.whl", hash = "sha256:259528ba6b56fa051bc996f1c4d8b57e30d6dd3bc2f27441891b04babc4b5e73"},
    {file = "frozendict-2.4.4-cp37-cp37m-win_amd64.whl", hash = "sha256:07c3a5dee8bbb84cba770e273cdbf2c87c8e035903af8f781292d72583416801"},
    {file = "frozendict-2.4.4-cp38-cp38-macosx_11_0_arm64.whl", hash = "sha256:6874fec816b37b6eb5795b00e0574cba261bf59723e2de607a195d5edaff0786"},
    {file = "frozendict-2.4.4-cp38-cp38-manylinux_2_17_aarch64.manylinux2014_aarch64.whl", hash = "sha256:c8f92425686323a950337da4b75b4c17a3327b831df8c881df24038d560640d4"},
    {file = "frozendict-2.4.4-cp38-cp38-manylinux_2_17_x86_64.manylinux2014_x86_64.whl", hash = "sha256:5d58d9a8d9e49662c6dafbea5e641f97decdb3d6ccd76e55e79818415362ba25"},
    {file = "frozendict-2.4.4-cp38-cp38-musllinux_1_1_aarch64.whl", hash = "sha256:93a7b19afb429cbf99d56faf436b45ef2fa8fe9aca89c49eb1610c3bd85f1760"},
    {file = "frozendict-2.4.4-cp38-cp38-musllinux_1_1_x86_64.whl", hash = "sha256:2b70b431e3a72d410a2cdf1497b3aba2f553635e0c0f657ce311d841bf8273b6"},
    {file = "frozendict-2.4.4-cp38-cp38-win_amd64.whl", hash = "sha256:e1b941132d79ce72d562a13341d38fc217bc1ee24d8c35a20d754e79ff99e038"},
    {file = "frozendict-2.4.4-cp39-cp39-macosx_11_0_arm64.whl", hash = "sha256:dc2228874eacae390e63fd4f2bb513b3144066a977dc192163c9f6c7f6de6474"},
    {file = "frozendict-2.4.4-cp39-cp39-manylinux_2_17_aarch64.manylinux2014_aarch64.whl", hash = "sha256:63aa49f1919af7d45fb8fd5dec4c0859bc09f46880bd6297c79bb2db2969b63d"},
    {file = "frozendict-2.4.4-cp39-cp39-manylinux_2_17_x86_64.manylinux2014_x86_64.whl", hash = "sha256:c6bf9260018d653f3cab9bd147bd8592bf98a5c6e338be0491ced3c196c034a3"},
    {file = "frozendict-2.4.4-cp39-cp39-musllinux_1_1_aarch64.whl", hash = "sha256:6eb716e6a6d693c03b1d53280a1947716129f5ef9bcdd061db5c17dea44b80fe"},
    {file = "frozendict-2.4.4-cp39-cp39-musllinux_1_1_x86_64.whl", hash = "sha256:d13b4310db337f4d2103867c5a05090b22bc4d50ca842093779ef541ea9c9eea"},
    {file = "frozendict-2.4.4-cp39-cp39-win_amd64.whl", hash = "sha256:b3b967d5065872e27b06f785a80c0ed0a45d1f7c9b85223da05358e734d858ca"},
    {file = "frozendict-2.4.4-cp39-cp39-win_arm64.whl", hash = "sha256:4ae8d05c8d0b6134bfb6bfb369d5fa0c4df21eabb5ca7f645af95fdc6689678e"},
    {file = "frozendict-2.4.4-py311-none-any.whl", hash = "sha256:705efca8d74d3facbb6ace80ab3afdd28eb8a237bfb4063ed89996b024bc443d"},
    {file = "frozendict-2.4.4-py312-none-any.whl", hash = "sha256:d9647563e76adb05b7cde2172403123380871360a114f546b4ae1704510801e5"},
    {file = "frozendict-2.4.4.tar.gz", hash = "sha256:3f7c031b26e4ee6a3f786ceb5e3abf1181c4ade92dce1f847da26ea2c96008c7"},
]

[[package]]
name = "igraph"
version = "0.11.6"
description = "High performance graph data structures and algorithms"
optional = false
python-versions = ">=3.8"
files = [
    {file = "igraph-0.11.6-cp38-cp38-macosx_10_9_x86_64.whl", hash = "sha256:3f8b837181e8e87676be3873ce87cc92cc234efd58a2da2f6b4e050db150fcf4"},
    {file = "igraph-0.11.6-cp38-cp38-macosx_11_0_arm64.whl", hash = "sha256:245c4b7d7657849eff80416f5df4525c8fc44c74a981ee4d44f0ef2612c3bada"},
    {file = "igraph-0.11.6-cp38-cp38-manylinux_2_17_aarch64.manylinux2014_aarch64.whl", hash = "sha256:bdb7be3d165073c0136295c0808e9edc57ba096cdb26e94086abb04561f7a292"},
    {file = "igraph-0.11.6-cp38-cp38-manylinux_2_17_i686.manylinux2014_i686.whl", hash = "sha256:58974e20df2986a1ae52a16e51ecb387cc0cbeb41c5c0ddff4d373a1bbf1d9c5"},
    {file = "igraph-0.11.6-cp38-cp38-manylinux_2_17_x86_64.manylinux2014_x86_64.whl", hash = "sha256:7bef14de5e8ab70724a43808b1ed14aaa6fe1002f87e592289027a3827a8f44a"},
    {file = "igraph-0.11.6-cp38-cp38-musllinux_1_2_aarch64.whl", hash = "sha256:86c1e98de2e32d074df8510bf18abfa1f4c5fda4cb28a009985a5d746b0c0125"},
    {file = "igraph-0.11.6-cp38-cp38-musllinux_1_2_i686.whl", hash = "sha256:ebc5b3d702158abeb2e4d2414374586a2b932e1a07e48352b470600e1733d528"},
    {file = "igraph-0.11.6-cp38-cp38-musllinux_1_2_x86_64.whl", hash = "sha256:0efe6d0fb22d3987a800eb3857ed04df9eb4c5dddd0998be05232cb646f1c337"},
    {file = "igraph-0.11.6-cp38-cp38-win32.whl", hash = "sha256:f4e68b27497b1c8ada2fb2bc35ef3fa7b0d72e84306b3d648d3de240fc618c32"},
    {file = "igraph-0.11.6-cp38-cp38-win_amd64.whl", hash = "sha256:5665b33dfbfca5f54ce9b4fea6b97903bd0e99fb1b02acf5e57e600bdfa5a355"},
    {file = "igraph-0.11.6-cp39-abi3-macosx_10_9_x86_64.whl", hash = "sha256:8aabef03d787b519d1075dfc0da4a1109fb113b941334883e3e7947ac30a459e"},
    {file = "igraph-0.11.6-cp39-abi3-macosx_11_0_arm64.whl", hash = "sha256:1f2cc4a518d99cdf6cae514f85e93e56852bc8c325b3abb96037d1d690b5975f"},
    {file = "igraph-0.11.6-cp39-abi3-manylinux_2_17_aarch64.manylinux2014_aarch64.whl", hash = "sha256:c1e859238be52ab8ccc614d18f9362942bc88ce543afc12548f81ae99b10801d"},
    {file = "igraph-0.11.6-cp39-abi3-manylinux_2_17_i686.manylinux2014_i686.whl", hash = "sha256:d61fbe5e85eb4ae9efe08c461f9bdeedb02a2b5739fbc223d324a71f40a28be2"},
    {file = "igraph-0.11.6-cp39-abi3-manylinux_2_17_x86_64.manylinux2014_x86_64.whl", hash = "sha256:b6620ba39df29fd42151becf82309b54e57148233c9c3ef890eed62e25eed8a5"},
    {file = "igraph-0.11.6-cp39-abi3-musllinux_1_2_aarch64.whl", hash = "sha256:59666589bb3d07f310cda2c5106a8adeeb77c2ef27fecf1c6438b6091f4ca69d"},
    {file = "igraph-0.11.6-cp39-abi3-musllinux_1_2_i686.whl", hash = "sha256:8750b6d6caebf199cf7dc41c931f58e330153779707391e30f0a29f02666fb6e"},
    {file = "igraph-0.11.6-cp39-abi3-musllinux_1_2_x86_64.whl", hash = "sha256:967d6f2c30fe94317da15e459374d0fb8ca3e56020412f201ecd07dd5b5352f2"},
    {file = "igraph-0.11.6-cp39-abi3-win32.whl", hash = "sha256:9744f95a67319eb6cb487ceabf30f5d7940de34bada51f0ba63adbd23e0f94ad"},
    {file = "igraph-0.11.6-cp39-abi3-win_amd64.whl", hash = "sha256:b80e69eb11faa9c57330a9ffebdde5808966efe1c1f638d4d4827ea04df7aca8"},
    {file = "igraph-0.11.6-pp310-pypy310_pp73-macosx_10_15_x86_64.whl", hash = "sha256:0329c16092e2ea7930d5f8368666ce7cb704900cc0ea04e4afe9ea1dd46e44af"},
    {file = "igraph-0.11.6-pp310-pypy310_pp73-macosx_11_0_arm64.whl", hash = "sha256:21752313f449bd8688e5688e95ea7231cea5e9199c7162535029be0d9af848ac"},
    {file = "igraph-0.11.6-pp310-pypy310_pp73-manylinux_2_17_aarch64.manylinux2014_aarch64.whl", hash = "sha256:ea25e136c6c4161f53ff58868b23ff6c845193050ab0e502236d68e5d4174e32"},
    {file = "igraph-0.11.6-pp310-pypy310_pp73-manylinux_2_17_i686.manylinux2014_i686.whl", hash = "sha256:ac84433a03aef15e4b810010b08882b09854a3669450ccf31e392dbe295d2a66"},
    {file = "igraph-0.11.6-pp310-pypy310_pp73-manylinux_2_17_x86_64.manylinux2014_x86_64.whl", hash = "sha256:ac697a44e3573169fa2b28c9c37dcf9cf01e0f558b845dd7123860d4c7c8fb89"},
    {file = "igraph-0.11.6-pp310-pypy310_pp73-win_amd64.whl", hash = "sha256:bdeae8bf35316eb1fb27bf667dcf5ecf5fcfb0b8f51831bc1b00c39c09c2d73b"},
    {file = "igraph-0.11.6-pp38-pypy38_pp73-macosx_10_9_x86_64.whl", hash = "sha256:ad7e4aa442935de72554b96733bf6d7f09eac5cee97988a2562bdd3ca173cfa3"},
    {file = "igraph-0.11.6-pp38-pypy38_pp73-macosx_11_0_arm64.whl", hash = "sha256:8d2818780358a686178866d01568b9df1f29678581734ad7a78882bab54df004"},
    {file = "igraph-0.11.6-pp38-pypy38_pp73-manylinux_2_17_aarch64.manylinux2014_aarch64.whl", hash = "sha256:2352276a20d979f1dea360af4202bb9f0c9a7d2c77f51815c0e625165e82013d"},
    {file = "igraph-0.11.6-pp38-pypy38_pp73-manylinux_2_17_i686.manylinux2014_i686.whl", hash = "sha256:687fdab543b507d622fa3043f4227e5b26dc61dcf8ff8c0919fccddcc655f8b8"},
    {file = "igraph-0.11.6-pp38-pypy38_pp73-manylinux_2_17_x86_64.manylinux2014_x86_64.whl", hash = "sha256:57f7f8214cd48c9a4d97f7346a4152ba2d4ac95fb5ee0df4ecf224fce4ba3d14"},
    {file = "igraph-0.11.6-pp38-pypy38_pp73-win_amd64.whl", hash = "sha256:2b9cc69ede53f76ffae03b066609aa90184dd68ef15da8c104a97cebb9210838"},
    {file = "igraph-0.11.6-pp39-pypy39_pp73-macosx_10_15_x86_64.whl", hash = "sha256:591e1e447c3f0092daf7613a3eaedab83f9a0b0adbaf7702724c5117ded038a5"},
    {file = "igraph-0.11.6-pp39-pypy39_pp73-macosx_11_0_arm64.whl", hash = "sha256:ca558eb331bc687bc33e5cd23717e22676e9412f8cda3a31d30c996a0487610d"},
    {file = "igraph-0.11.6-pp39-pypy39_pp73-manylinux_2_17_aarch64.manylinux2014_aarch64.whl", hash = "sha256:bf43c30e08debb087c9e3da69aa5cf1b6732968da34d55a614e3421b9a452146"},
    {file = "igraph-0.11.6-pp39-pypy39_pp73-manylinux_2_17_i686.manylinux2014_i686.whl", hash = "sha256:1d38e8d7db72b187d9d2211d0d06b3271fa9f32b04d49d789e2859b5480db0d0"},
    {file = "igraph-0.11.6-pp39-pypy39_pp73-manylinux_2_17_x86_64.manylinux2014_x86_64.whl", hash = "sha256:1a318b059051ff78144a1c3cb880f4d933c812bcdb3d833a49cd7168d0427672"},
    {file = "igraph-0.11.6-pp39-pypy39_pp73-win_amd64.whl", hash = "sha256:2c54027add809b3c5b6685b8deca4ea4763fd000b9ea45c7ee46b7c9d61ff15e"},
    {file = "igraph-0.11.6.tar.gz", hash = "sha256:837f233256c3319f2a35a6a80d94eafe47b43791ef4c6f9e9871061341ac8e28"},
]

[package.dependencies]
texttable = ">=1.6.2"

[package.extras]
cairo = ["cairocffi (>=1.2.0)"]
doc = ["Sphinx (>=7.0.0)", "pydoctor (>=23.4.0)", "sphinx-gallery (>=0.14.0)", "sphinx-rtd-theme (>=1.3.0)"]
matplotlib = ["matplotlib (>=3.6.0)"]
plotly = ["plotly (>=5.3.0)"]
plotting = ["cairocffi (>=1.2.0)"]
test = ["Pillow (>=9)", "cairocffi (>=1.2.0)", "matplotlib (>=3.6.0)", "networkx (>=2.5)", "numpy (>=1.19.0)", "pandas (>=1.1.0)", "plotly (>=5.3.0)", "pytest (>=7.0.1)", "pytest-timeout (>=2.1.0)", "scipy (>=1.5.0)"]
test-musl = ["cairocffi (>=1.2.0)", "networkx (>=2.5)", "pytest (>=7.0.1)", "pytest-timeout (>=2.1.0)"]

[[package]]
name = "lark"
version = "1.1.9"
description = "a modern parsing library"
optional = false
python-versions = ">=3.6"
files = [
    {file = "lark-1.1.9-py3-none-any.whl", hash = "sha256:a0dd3a87289f8ccbb325901e4222e723e7d745dbfc1803eaf5f3d2ace19cf2db"},
    {file = "lark-1.1.9.tar.gz", hash = "sha256:15fa5236490824c2c4aba0e22d2d6d823575dcaf4cdd1848e34b6ad836240fba"},
]

[package.extras]
atomic-cache = ["atomicwrites"]
interegular = ["interegular (>=0.3.1,<0.4.0)"]
nearley = ["js2py"]
regex = ["regex"]

[[package]]
name = "texttable"
version = "1.7.0"
description = "module to create simple ASCII tables"
optional = false
python-versions = "*"
files = [
    {file = "texttable-1.7.0-py2.py3-none-any.whl", hash = "sha256:72227d592c82b3d7f672731ae73e4d1f88cd8e2ef5b075a7a7f01a23a3743917"},
    {file = "texttable-1.7.0.tar.gz", hash = "sha256:2d2068fb55115807d3ac77a4ca68fa48803e84ebb0ee2340f858107a36522638"},
]

[metadata]
lock-version = "2.0"
python-versions = "^3.12"
content-hash = "214555340a2eca23e0aa7854b7e431b12734f861d6fdd1105ec62847b71762e8"
